
Microsoft Visual Studio Solution File, Format Version 12.00
# Visual Studio 15
VisualStudioVersion = 15.0.28307.168
MinimumVisualStudioVersion = 10.0.40219.1
Project("{FAE04EC0-301F-11D3-BF4B-00C04F79EFBC}") = "FeedbackAppV3.0", "FeedbackAppV3.0\FeedbackAppV3.0.csproj", "{96375517-48D7-4311-8D19-832EFC57E463}"
EndProject
Global
	GlobalSection(SolutionConfigurationPlatforms) = preSolution
		Debug|Any CPU = Debug|Any CPU
		Release|Any CPU = Release|Any CPU
	EndGlobalSection
	GlobalSection(ProjectConfigurationPlatforms) = postSolution
		{96375517-48D7-4311-8D19-832EFC57E463}.Debug|Any CPU.ActiveCfg = Debug|Any CPU
		{96375517-48D7-4311-8D19-832EFC57E463}.Debug|Any CPU.Build.0 = Debug|Any CPU
		{96375517-48D7-4311-8D19-832EFC57E463}.Release|Any CPU.ActiveCfg = Release|Any CPU
		{96375517-48D7-4311-8D19-832EFC57E463}.Release|Any CPU.Build.0 = Release|Any CPU
	EndGlobalSection
	GlobalSection(SolutionProperties) = preSolution
		HideSolutionNode = FALSE
	EndGlobalSection
	GlobalSection(ExtensibilityGlobals) = postSolution
		SolutionGuid = {2F00A566-82C6-4838-BFC6-299977CA8615}
	EndGlobalSection
EndGlobal
